// !$*UTF8*$!
{
	archiveVersion = 1;
	classes = {
	};
	objectVersion = 56;
	objects = {

/* Begin PBXBuildFile section */
		680434952B2401C100BFFBC5 /* For_Makers_OnlyApp.swift in Sources */ = {isa = PBXBuildFile; fileRef = 680434942B2401C100BFFBC5 /* For_Makers_OnlyApp.swift */; };
		680434972B2401C100BFFBC5 /* ContentView.swift in Sources */ = {isa = PBXBuildFile; fileRef = 680434962B2401C100BFFBC5 /* ContentView.swift */; };
		680434992B2401C300BFFBC5 /* Assets.xcassets in Resources */ = {isa = PBXBuildFile; fileRef = 680434982B2401C300BFFBC5 /* Assets.xcassets */; };
		6804349C2B2401C300BFFBC5 /* Preview Assets.xcassets in Resources */ = {isa = PBXBuildFile; fileRef = 6804349B2B2401C300BFFBC5 /* Preview Assets.xcassets */; };
		680434A62B2401C400BFFBC5 /* For_Makers_OnlyTests.swift in Sources */ = {isa = PBXBuildFile; fileRef = 680434A52B2401C400BFFBC5 /* For_Makers_OnlyTests.swift */; };
		680434B02B2401C400BFFBC5 /* For_Makers_OnlyUITests.swift in Sources */ = {isa = PBXBuildFile; fileRef = 680434AF2B2401C400BFFBC5 /* For_Makers_OnlyUITests.swift */; };
		680434B22B2401C400BFFBC5 /* For_Makers_OnlyUITestsLaunchTests.swift in Sources */ = {isa = PBXBuildFile; fileRef = 680434B12B2401C400BFFBC5 /* For_Makers_OnlyUITestsLaunchTests.swift */; };
/* End PBXBuildFile section */

/* Begin PBXContainerItemProxy section */
		680434A22B2401C400BFFBC5 /* PBXContainerItemProxy */ = {
			isa = PBXContainerItemProxy;
			containerPortal = 680434892B2401C100BFFBC5 /* Project object */;
			proxyType = 1;
			remoteGlobalIDString = 680434902B2401C100BFFBC5;
			remoteInfo = "For Makers Only";
		};
		680434AC2B2401C400BFFBC5 /* PBXContainerItemProxy */ = {
			isa = PBXContainerItemProxy;
			containerPortal = 680434892B2401C100BFFBC5 /* Project object */;
			proxyType = 1;
			remoteGlobalIDString = 680434902B2401C100BFFBC5;
			remoteInfo = "For Makers Only";
		};
/* End PBXContainerItemProxy section */

/* Begin PBXFileReference section */
		680434912B2401C100BFFBC5 /* For Makers Only.app */ = {isa = PBXFileReference; explicitFileType = wrapper.application; includeInIndex = 0; path = "For Makers Only.app"; sourceTree = BUILT_PRODUCTS_DIR; };
		680434942B2401C100BFFBC5 /* For_Makers_OnlyApp.swift */ = {isa = PBXFileReference; lastKnownFileType = sourcecode.swift; path = For_Makers_OnlyApp.swift; sourceTree = "<group>"; };
		680434962B2401C100BFFBC5 /* ContentView.swift */ = {isa = PBXFileReference; lastKnownFileType = sourcecode.swift; path = ContentView.swift; sourceTree = "<group>"; };
		680434982B2401C300BFFBC5 /* Assets.xcassets */ = {isa = PBXFileReference; lastKnownFileType = folder.assetcatalog; path = Assets.xcassets; sourceTree = "<group>"; };
		6804349B2B2401C300BFFBC5 /* Preview Assets.xcassets */ = {isa = PBXFileReference; lastKnownFileType = folder.assetcatalog; path = "Preview Assets.xcassets"; sourceTree = "<group>"; };
		680434A12B2401C400BFFBC5 /* For Makers OnlyTests.xctest */ = {isa = PBXFileReference; explicitFileType = wrapper.cfbundle; includeInIndex = 0; path = "For Makers OnlyTests.xctest"; sourceTree = BUILT_PRODUCTS_DIR; };
		680434A52B2401C400BFFBC5 /* For_Makers_OnlyTests.swift */ = {isa = PBXFileReference; lastKnownFileType = sourcecode.swift; path = For_Makers_OnlyTests.swift; sourceTree = "<group>"; };
		680434AB2B2401C400BFFBC5 /* For Makers OnlyUITests.xctest */ = {isa = PBXFileReference; explicitFileType = wrapper.cfbundle; includeInIndex = 0; path = "For Makers OnlyUITests.xctest"; sourceTree = BUILT_PRODUCTS_DIR; };
		680434AF2B2401C400BFFBC5 /* For_Makers_OnlyUITests.swift */ = {isa = PBXFileReference; lastKnownFileType = sourcecode.swift; path = For_Makers_OnlyUITests.swift; sourceTree = "<group>"; };
		680434B12B2401C400BFFBC5 /* For_Makers_OnlyUITestsLaunchTests.swift */ = {isa = PBXFileReference; lastKnownFileType = sourcecode.swift; path = For_Makers_OnlyUITestsLaunchTests.swift; sourceTree = "<group>"; };
/* End PBXFileReference section */

/* Begin PBXFrameworksBuildPhase section */
		6804348E2B2401C100BFFBC5 /* Frameworks */ = {
			isa = PBXFrameworksBuildPhase;
			buildActionMask = 2147483647;
			files = (
			);
			runOnlyForDeploymentPostprocessing = 0;
		};
		6804349E2B2401C400BFFBC5 /* Frameworks */ = {
			isa = PBXFrameworksBuildPhase;
			buildActionMask = 2147483647;
			files = (
			);
			runOnlyForDeploymentPostprocessing = 0;
		};
		680434A82B2401C400BFFBC5 /* Frameworks */ = {
			isa = PBXFrameworksBuildPhase;
			buildActionMask = 2147483647;
			files = (
			);
			runOnlyForDeploymentPostprocessing = 0;
		};
/* End PBXFrameworksBuildPhase section */

/* Begin PBXGroup section */
		680434882B2401C100BFFBC5 = {
			isa = PBXGroup;
			children = (
				680434932B2401C100BFFBC5 /* For Makers Only */,
				680434A42B2401C400BFFBC5 /* For Makers OnlyTests */,
				680434AE2B2401C400BFFBC5 /* For Makers OnlyUITests */,
				680434922B2401C100BFFBC5 /* Products */,
			);
			sourceTree = "<group>";
		};
		680434922B2401C100BFFBC5 /* Products */ = {
			isa = PBXGroup;
			children = (
				680434912B2401C100BFFBC5 /* For Makers Only.app */,
				680434A12B2401C400BFFBC5 /* For Makers OnlyTests.xctest */,
				680434AB2B2401C400BFFBC5 /* For Makers OnlyUITests.xctest */,
			);
			name = Products;
			sourceTree = "<group>";
		};
		680434932B2401C100BFFBC5 /* For Makers Only */ = {
			isa = PBXGroup;
			children = (
				680434942B2401C100BFFBC5 /* For_Makers_OnlyApp.swift */,
				680434962B2401C100BFFBC5 /* ContentView.swift */,
				680434982B2401C300BFFBC5 /* Assets.xcassets */,
				6804349A2B2401C300BFFBC5 /* Preview Content */,
			);
			path = "For Makers Only";
			sourceTree = "<group>";
		};
		6804349A2B2401C300BFFBC5 /* Preview Content */ = {
			isa = PBXGroup;
			children = (
				6804349B2B2401C300BFFBC5 /* Preview Assets.xcassets */,
			);
			path = "Preview Content";
			sourceTree = "<group>";
		};
		680434A42B2401C400BFFBC5 /* For Makers OnlyTests */ = {
			isa = PBXGroup;
			children = (
				680434A52B2401C400BFFBC5 /* For_Makers_OnlyTests.swift */,
			);
			path = "For Makers OnlyTests";
			sourceTree = "<group>";
		};
		680434AE2B2401C400BFFBC5 /* For Makers OnlyUITests */ = {
			isa = PBXGroup;
			children = (
				680434AF2B2401C400BFFBC5 /* For_Makers_OnlyUITests.swift */,
				680434B12B2401C400BFFBC5 /* For_Makers_OnlyUITestsLaunchTests.swift */,
			);
			path = "For Makers OnlyUITests";
			sourceTree = "<group>";
		};
/* End PBXGroup section */

/* Begin PBXNativeTarget section */
		680434902B2401C100BFFBC5 /* For Makers Only */ = {
			isa = PBXNativeTarget;
			buildConfigurationList = 680434B52B2401C400BFFBC5 /* Build configuration list for PBXNativeTarget "For Makers Only" */;
			buildPhases = (
				6804348D2B2401C100BFFBC5 /* Sources */,
				6804348E2B2401C100BFFBC5 /* Frameworks */,
				6804348F2B2401C100BFFBC5 /* Resources */,
			);
			buildRules = (
			);
			dependencies = (
			);
			name = "For Makers Only";
			productName = "For Makers Only";
			productReference = 680434912B2401C100BFFBC5 /* For Makers Only.app */;
			productType = "com.apple.product-type.application";
		};
		680434A02B2401C400BFFBC5 /* For Makers OnlyTests */ = {
			isa = PBXNativeTarget;
			buildConfigurationList = 680434B82B2401C400BFFBC5 /* Build configuration list for PBXNativeTarget "For Makers OnlyTests" */;
			buildPhases = (
				6804349D2B2401C400BFFBC5 /* Sources */,
				6804349E2B2401C400BFFBC5 /* Frameworks */,
				6804349F2B2401C400BFFBC5 /* Resources */,
			);
			buildRules = (
			);
			dependencies = (
				680434A32B2401C400BFFBC5 /* PBXTargetDependency */,
			);
			name = "For Makers OnlyTests";
			productName = "For Makers OnlyTests";
			productReference = 680434A12B2401C400BFFBC5 /* For Makers OnlyTests.xctest */;
			productType = "com.apple.product-type.bundle.unit-test";
		};
		680434AA2B2401C400BFFBC5 /* For Makers OnlyUITests */ = {
			isa = PBXNativeTarget;
			buildConfigurationList = 680434BB2B2401C400BFFBC5 /* Build configuration list for PBXNativeTarget "For Makers OnlyUITests" */;
			buildPhases = (
				680434A72B2401C400BFFBC5 /* Sources */,
				680434A82B2401C400BFFBC5 /* Frameworks */,
				680434A92B2401C400BFFBC5 /* Resources */,
			);
			buildRules = (
			);
			dependencies = (
				680434AD2B2401C400BFFBC5 /* PBXTargetDependency */,
			);
			name = "For Makers OnlyUITests";
			productName = "For Makers OnlyUITests";
			productReference = 680434AB2B2401C400BFFBC5 /* For Makers OnlyUITests.xctest */;
			productType = "com.apple.product-type.bundle.ui-testing";
		};
/* End PBXNativeTarget section */

/* Begin PBXProject section */
		680434892B2401C100BFFBC5 /* Project object */ = {
			isa = PBXProject;
			attributes = {
				BuildIndependentTargetsInParallel = 1;
				LastSwiftUpdateCheck = 1500;
				LastUpgradeCheck = 1500;
				TargetAttributes = {
					680434902B2401C100BFFBC5 = {
						CreatedOnToolsVersion = 15.0.1;
					};
					680434A02B2401C400BFFBC5 = {
						CreatedOnToolsVersion = 15.0.1;
						TestTargetID = 680434902B2401C100BFFBC5;
					};
					680434AA2B2401C400BFFBC5 = {
						CreatedOnToolsVersion = 15.0.1;
						TestTargetID = 680434902B2401C100BFFBC5;
					};
				};
			};
			buildConfigurationList = 6804348C2B2401C100BFFBC5 /* Build configuration list for PBXProject "For Makers Only" */;
			compatibilityVersion = "Xcode 14.0";
			developmentRegion = en;
			hasScannedForEncodings = 0;
			knownRegions = (
				en,
				Base,
			);
			mainGroup = 680434882B2401C100BFFBC5;
			productRefGroup = 680434922B2401C100BFFBC5 /* Products */;
			projectDirPath = "";
			projectRoot = "";
			targets = (
				680434902B2401C100BFFBC5 /* For Makers Only */,
				680434A02B2401C400BFFBC5 /* For Makers OnlyTests */,
				680434AA2B2401C400BFFBC5 /* For Makers OnlyUITests */,
			);
		};
/* End PBXProject section */

/* Begin PBXResourcesBuildPhase section */
		6804348F2B2401C100BFFBC5 /* Resources */ = {
			isa = PBXResourcesBuildPhase;
			buildActionMask = 2147483647;
			files = (
				6804349C2B2401C300BFFBC5 /* Preview Assets.xcassets in Resources */,
				680434992B2401C300BFFBC5 /* Assets.xcassets in Resources */,
			);
			runOnlyForDeploymentPostprocessing = 0;
		};
		6804349F2B2401C400BFFBC5 /* Resources */ = {
			isa = PBXResourcesBuildPhase;
			buildActionMask = 2147483647;
			files = (
			);
			runOnlyForDeploymentPostprocessing = 0;
		};
		680434A92B2401C400BFFBC5 /* Resources */ = {
			isa = PBXResourcesBuildPhase;
			buildActionMask = 2147483647;
			files = (
			);
			runOnlyForDeploymentPostprocessing = 0;
		};
/* End PBXResourcesBuildPhase section */

/* Begin PBXSourcesBuildPhase section */
		6804348D2B2401C100BFFBC5 /* Sources */ = {
			isa = PBXSourcesBuildPhase;
			buildActionMask = 2147483647;
			files = (
				680434972B2401C100BFFBC5 /* ContentView.swift in Sources */,
				680434952B2401C100BFFBC5 /* For_Makers_OnlyApp.swift in Sources */,
			);
			runOnlyForDeploymentPostprocessing = 0;
		};
		6804349D2B2401C400BFFBC5 /* Sources */ = {
			isa = PBXSourcesBuildPhase;
			buildActionMask = 2147483647;
			files = (
				680434A62B2401C400BFFBC5 /* For_Makers_OnlyTests.swift in Sources */,
			);
			runOnlyForDeploymentPostprocessing = 0;
		};
		680434A72B2401C400BFFBC5 /* Sources */ = {
			isa = PBXSourcesBuildPhase;
			buildActionMask = 2147483647;
			files = (
				680434B02B2401C400BFFBC5 /* For_Makers_OnlyUITests.swift in Sources */,
				680434B22B2401C400BFFBC5 /* For_Makers_OnlyUITestsLaunchTests.swift in Sources */,
			);
			runOnlyForDeploymentPostprocessing = 0;
		};
/* End PBXSourcesBuildPhase section */

/* Begin PBXTargetDependency section */
		680434A32B2401C400BFFBC5 /* PBXTargetDependency */ = {
			isa = PBXTargetDependency;
			target = 680434902B2401C100BFFBC5 /* For Makers Only */;
			targetProxy = 680434A22B2401C400BFFBC5 /* PBXContainerItemProxy */;
		};
		680434AD2B2401C400BFFBC5 /* PBXTargetDependency */ = {
			isa = PBXTargetDependency;
			target = 680434902B2401C100BFFBC5 /* For Makers Only */;
			targetProxy = 680434AC2B2401C400BFFBC5 /* PBXContainerItemProxy */;
		};
/* End PBXTargetDependency section */

/* Begin XCBuildConfiguration section */
		680434B32B2401C400BFFBC5 /* Debug */ = {
			isa = XCBuildConfiguration;
			buildSettings = {
				ALWAYS_SEARCH_USER_PATHS = NO;
				ASSETCATALOG_COMPILER_GENERATE_SWIFT_ASSET_SYMBOL_EXTENSIONS = YES;
				CLANG_ANALYZER_NONNULL = YES;
				CLANG_ANALYZER_NUMBER_OBJECT_CONVERSION = YES_AGGRESSIVE;
				CLANG_CXX_LANGUAGE_STANDARD = "gnu++20";
				CLANG_ENABLE_MODULES = YES;
				CLANG_ENABLE_OBJC_ARC = YES;
				CLANG_ENABLE_OBJC_WEAK = YES;
				CLANG_WARN_BLOCK_CAPTURE_AUTORELEASING = YES;
				CLANG_WARN_BOOL_CONVERSION = YES;
				CLANG_WARN_COMMA = YES;
				CLANG_WARN_CONSTANT_CONVERSION = YES;
				CLANG_WARN_DEPRECATED_OBJC_IMPLEMENTATIONS = YES;
				CLANG_WARN_DIRECT_OBJC_ISA_USAGE = YES_ERROR;
				CLANG_WARN_DOCUMENTATION_COMMENTS = YES;
				CLANG_WARN_EMPTY_BODY = YES;
				CLANG_WARN_ENUM_CONVERSION = YES;
				CLANG_WARN_INFINITE_RECURSION = YES;
				CLANG_WARN_INT_CONVERSION = YES;
				CLANG_WARN_NON_LITERAL_NULL_CONVERSION = YES;
				CLANG_WARN_OBJC_IMPLICIT_RETAIN_SELF = YES;
				CLANG_WARN_OBJC_LITERAL_CONVERSION = YES;
				CLANG_WARN_OBJC_ROOT_CLASS = YES_ERROR;
				CLANG_WARN_QUOTED_INCLUDE_IN_FRAMEWORK_HEADER = YES;
				CLANG_WARN_RANGE_LOOP_ANALYSIS = YES;
				CLANG_WARN_STRICT_PROTOTYPES = YES;
				CLANG_WARN_SUSPICIOUS_MOVE = YES;
				CLANG_WARN_UNGUARDED_AVAILABILITY = YES_AGGRESSIVE;
				CLANG_WARN_UNREACHABLE_CODE = YES;
				CLANG_WARN__DUPLICATE_METHOD_MATCH = YES;
				COPY_PHASE_STRIP = NO;
				DEBUG_INFORMATION_FORMAT = dwarf;
				ENABLE_STRICT_OBJC_MSGSEND = YES;
				ENABLE_TESTABILITY = YES;
				ENABLE_USER_SCRIPT_SANDBOXING = YES;
				GCC_C_LANGUAGE_STANDARD = gnu17;
				GCC_DYNAMIC_NO_PIC = NO;
				GCC_NO_COMMON_BLOCKS = YES;
				GCC_OPTIMIZATION_LEVEL = 0;
				GCC_PREPROCESSOR_DEFINITIONS = (
					"DEBUG=1",
					"$(inherited)",
				);
				GCC_WARN_64_TO_32_BIT_CONVERSION = YES;
				GCC_WARN_ABOUT_RETURN_TYPE = YES_ERROR;
				GCC_WARN_UNDECLARED_SELECTOR = YES;
				GCC_WARN_UNINITIALIZED_AUTOS = YES_AGGRESSIVE;
				GCC_WARN_UNUSED_FUNCTION = YES;
				GCC_WARN_UNUSED_VARIABLE = YES;
				IPHONEOS_DEPLOYMENT_TARGET = 17.0;
				LOCALIZATION_PREFERS_STRING_CATALOGS = YES;
				MTL_ENABLE_DEBUG_INFO = INCLUDE_SOURCE;
				MTL_FAST_MATH = YES;
				ONLY_ACTIVE_ARCH = YES;
				SDKROOT = iphoneos;
				SWIFT_ACTIVE_COMPILATION_CONDITIONS = "DEBUG $(inherited)";
				SWIFT_OPTIMIZATION_LEVEL = "-Onone";
			};
			name = Debug;
		};
		680434B42B2401C400BFFBC5 /* Release */ = {
			isa = XCBuildConfiguration;
			buildSettings = {
				ALWAYS_SEARCH_USER_PATHS = NO;
				ASSETCATALOG_COMPILER_GENERATE_SWIFT_ASSET_SYMBOL_EXTENSIONS = YES;
				CLANG_ANALYZER_NONNULL = YES;
				CLANG_ANALYZER_NUMBER_OBJECT_CONVERSION = YES_AGGRESSIVE;
				CLANG_CXX_LANGUAGE_STANDARD = "gnu++20";
				CLANG_ENABLE_MODULES = YES;
				CLANG_ENABLE_OBJC_ARC = YES;
				CLANG_ENABLE_OBJC_WEAK = YES;
				CLANG_WARN_BLOCK_CAPTURE_AUTORELEASING = YES;
				CLANG_WARN_BOOL_CONVERSION = YES;
				CLANG_WARN_COMMA = YES;
				CLANG_WARN_CONSTANT_CONVERSION = YES;
				CLANG_WARN_DEPRECATED_OBJC_IMPLEMENTATIONS = YES;
				CLANG_WARN_DIRECT_OBJC_ISA_USAGE = YES_ERROR;
				CLANG_WARN_DOCUMENTATION_COMMENTS = YES;
				CLANG_WARN_EMPTY_BODY = YES;
				CLANG_WARN_ENUM_CONVERSION = YES;
				CLANG_WARN_INFINITE_RECURSION = YES;
				CLANG_WARN_INT_CONVERSION = YES;
				CLANG_WARN_NON_LITERAL_NULL_CONVERSION = YES;
				CLANG_WARN_OBJC_IMPLICIT_RETAIN_SELF = YES;
				CLANG_WARN_OBJC_LITERAL_CONVERSION = YES;
				CLANG_WARN_OBJC_ROOT_CLASS = YES_ERROR;
				CLANG_WARN_QUOTED_INCLUDE_IN_FRAMEWORK_HEADER = YES;
				CLANG_WARN_RANGE_LOOP_ANALYSIS = YES;
				CLANG_WARN_STRICT_PROTOTYPES = YES;
				CLANG_WARN_SUSPICIOUS_MOVE = YES;
				CLANG_WARN_UNGUARDED_AVAILABILITY = YES_AGGRESSIVE;
				CLANG_WARN_UNREACHABLE_CODE = YES;
				CLANG_WARN__DUPLICATE_METHOD_MATCH = YES;
				COPY_PHASE_STRIP = NO;
				DEBUG_INFORMATION_FORMAT = "dwarf-with-dsym";
				ENABLE_NS_ASSERTIONS = NO;
				ENABLE_STRICT_OBJC_MSGSEND = YES;
				ENABLE_USER_SCRIPT_SANDBOXING = YES;
				GCC_C_LANGUAGE_STANDARD = gnu17;
				GCC_NO_COMMON_BLOCKS = YES;
				GCC_WARN_64_TO_32_BIT_CONVERSION = YES;
				GCC_WARN_ABOUT_RETURN_TYPE = YES_ERROR;
				GCC_WARN_UNDECLARED_SELECTOR = YES;
				GCC_WARN_UNINITIALIZED_AUTOS = YES_AGGRESSIVE;
				GCC_WARN_UNUSED_FUNCTION = YES;
				GCC_WARN_UNUSED_VARIABLE = YES;
				IPHONEOS_DEPLOYMENT_TARGET = 17.0;
				LOCALIZATION_PREFERS_STRING_CATALOGS = YES;
				MTL_ENABLE_DEBUG_INFO = NO;
				MTL_FAST_MATH = YES;
				SDKROOT = iphoneos;
				SWIFT_COMPILATION_MODE = wholemodule;
				VALIDATE_PRODUCT = YES;
			};
			name = Release;
		};
		680434B62B2401C400BFFBC5 /* Debug */ = {
			isa = XCBuildConfiguration;
			buildSettings = {
				ASSETCATALOG_COMPILER_APPICON_NAME = AppIcon;
				ASSETCATALOG_COMPILER_GLOBAL_ACCENT_COLOR_NAME = AccentColor;
				CODE_SIGN_STYLE = Automatic;
				CURRENT_PROJECT_VERSION = 1;
				DEVELOPMENT_ASSET_PATHS = "\"For Makers Only/Preview Content\"";
				ENABLE_PREVIEWS = YES;
				GENERATE_INFOPLIST_FILE = YES;
				INFOPLIST_KEY_UIApplicationSceneManifest_Generation = YES;
				INFOPLIST_KEY_UIApplicationSupportsIndirectInputEvents = YES;
				INFOPLIST_KEY_UILaunchScreen_Generation = YES;
				INFOPLIST_KEY_UISupportedInterfaceOrientations_iPad = "UIInterfaceOrientationPortrait UIInterfaceOrientationPortraitUpsideDown UIInterfaceOrientationLandscapeLeft UIInterfaceOrientationLandscapeRight";
				INFOPLIST_KEY_UISupportedInterfaceOrientations_iPhone = "UIInterfaceOrientationPortrait UIInterfaceOrientationLandscapeLeft UIInterfaceOrientationLandscapeRight";
				LD_RUNPATH_SEARCH_PATHS = (
					"$(inherited)",
					"@executable_path/Frameworks",
				);
				MARKETING_VERSION = 1.0;
				PRODUCT_BUNDLE_IDENTIFIER = "cic.-isaiah.legaspi.isaiah.matthews.For-Makers-Only";
				PRODUCT_NAME = "$(TARGET_NAME)";
				SWIFT_EMIT_LOC_STRINGS = YES;
				SWIFT_VERSION = 5.0;
				TARGETED_DEVICE_FAMILY = "1,2";
			};
			name = Debug;
		};
		680434B72B2401C400BFFBC5 /* Release */ = {
			isa = XCBuildConfiguration;
			buildSettings = {
				ASSETCATALOG_COMPILER_APPICON_NAME = AppIcon;
				ASSETCATALOG_COMPILER_GLOBAL_ACCENT_COLOR_NAME = AccentColor;
				CODE_SIGN_STYLE = Automatic;
				CURRENT_PROJECT_VERSION = 1;
				DEVELOPMENT_ASSET_PATHS = "\"For Makers Only/Preview Content\"";
				ENABLE_PREVIEWS = YES;
				GENERATE_INFOPLIST_FILE = YES;
				INFOPLIST_KEY_UIApplicationSceneManifest_Generation = YES;
				INFOPLIST_KEY_UIApplicationSupportsIndirectInputEvents = YES;
				INFOPLIST_KEY_UILaunchScreen_Generation = YES;
				INFOPLIST_KEY_UISupportedInterfaceOrientations_iPad = "UIInterfaceOrientationPortrait UIInterfaceOrientationPortraitUpsideDown UIInterfaceOrientationLandscapeLeft UIInterfaceOrientationLandscapeRight";
				INFOPLIST_KEY_UISupportedInterfaceOrientations_iPhone = "UIInterfaceOrientationPortrait UIInterfaceOrientationLandscapeLeft UIInterfaceOrientationLandscapeRight";
				LD_RUNPATH_SEARCH_PATHS = (
					"$(inherited)",
					"@executable_path/Frameworks",
				);
				MARKETING_VERSION = 1.0;
				PRODUCT_BUNDLE_IDENTIFIER = "cic.-isaiah.legaspi.isaiah.matthews.For-Makers-Only";
				PRODUCT_NAME = "$(TARGET_NAME)";
				SWIFT_EMIT_LOC_STRINGS = YES;
				SWIFT_VERSION = 5.0;
				TARGETED_DEVICE_FAMILY = "1,2";
			};
			name = Release;
		};
		680434B92B2401C400BFFBC5 /* Debug */ = {
			isa = XCBuildConfiguration;
			buildSettings = {
				ALWAYS_EMBED_SWIFT_STANDARD_LIBRARIES = YES;
				BUNDLE_LOADER = "$(TEST_HOST)";
				CODE_SIGN_STYLE = Automatic;
				CURRENT_PROJECT_VERSION = 1;
				GENERATE_INFOPLIST_FILE = YES;
				IPHONEOS_DEPLOYMENT_TARGET = 17.0;
				MARKETING_VERSION = 1.0;
				PRODUCT_BUNDLE_IDENTIFIER = "cic.-isaiah.legaspi.isaiah.matthews.For-Makers-OnlyTests";
				PRODUCT_NAME = "$(TARGET_NAME)";
				SWIFT_EMIT_LOC_STRINGS = NO;
				SWIFT_VERSION = 5.0;
				TARGETED_DEVICE_FAMILY = "1,2";
				TEST_HOST = "$(BUILT_PRODUCTS_DIR)/For Makers Only.app/$(BUNDLE_EXECUTABLE_FOLDER_PATH)/For Makers Only";
			};
			name = Debug;
		};
		680434BA2B2401C400BFFBC5 /* Release */ = {
			isa = XCBuildConfiguration;
			buildSettings = {
				ALWAYS_EMBED_SWIFT_STANDARD_LIBRARIES = YES;
				BUNDLE_LOADER = "$(TEST_HOST)";
				CODE_SIGN_STYLE = Automatic;
				CURRENT_PROJECT_VERSION = 1;
				GENERATE_INFOPLIST_FILE = YES;
				IPHONEOS_DEPLOYMENT_TARGET = 17.0;
				MARKETING_VERSION = 1.0;
				PRODUCT_BUNDLE_IDENTIFIER = "cic.-isaiah.legaspi.isaiah.matthews.For-Makers-OnlyTests";
				PRODUCT_NAME = "$(TARGET_NAME)";
				SWIFT_EMIT_LOC_STRINGS = NO;
				SWIFT_VERSION = 5.0;
				TARGETED_DEVICE_FAMILY = "1,2";
				TEST_HOST = "$(BUILT_PRODUCTS_DIR)/For Makers Only.app/$(BUNDLE_EXECUTABLE_FOLDER_PATH)/For Makers Only";
			};
			name = Release;
		};
		680434BC2B2401C400BFFBC5 /* Debug */ = {
			isa = XCBuildConfiguration;
			buildSettings = {
				ALWAYS_EMBED_SWIFT_STANDARD_LIBRARIES = YES;
				CODE_SIGN_STYLE = Automatic;
				CURRENT_PROJECT_VERSION = 1;
				GENERATE_INFOPLIST_FILE = YES;
				MARKETING_VERSION = 1.0;
				PRODUCT_BUNDLE_IDENTIFIER = "cic.-isaiah.legaspi.isaiah.matthews.For-Makers-OnlyUITests";
				PRODUCT_NAME = "$(TARGET_NAME)";
				SWIFT_EMIT_LOC_STRINGS = NO;
				SWIFT_VERSION = 5.0;
				TARGETED_DEVICE_FAMILY = "1,2";
				TEST_TARGET_NAME = "For Makers Only";
			};
			name = Debug;
		};
		680434BD2B2401C400BFFBC5 /* Release */ = {
			isa = XCBuildConfiguration;
			buildSettings = {
				ALWAYS_EMBED_SWIFT_STANDARD_LIBRARIES = YES;
				CODE_SIGN_STYLE = Automatic;
				CURRENT_PROJECT_VERSION = 1;
				GENERATE_INFOPLIST_FILE = YES;
				MARKETING_VERSION = 1.0;
				PRODUCT_BUNDLE_IDENTIFIER = "cic.-isaiah.legaspi.isaiah.matthews.For-Makers-OnlyUITests";
				PRODUCT_NAME = "$(TARGET_NAME)";
				SWIFT_EMIT_LOC_STRINGS = NO;
				SWIFT_VERSION = 5.0;
				TARGETED_DEVICE_FAMILY = "1,2";
				TEST_TARGET_NAME = "For Makers Only";
			};
			name = Release;
		};
/* End XCBuildConfiguration section */

/* Begin XCConfigurationList section */
		6804348C2B2401C100BFFBC5 /* Build configuration list for PBXProject "For Makers Only" */ = {
			isa = XCConfigurationList;
			buildConfigurations = (
				680434B32B2401C400BFFBC5 /* Debug */,
				680434B42B2401C400BFFBC5 /* Release */,
			);
			defaultConfigurationIsVisible = 0;
			defaultConfigurationName = Release;
		};
		680434B52B2401C400BFFBC5 /* Build configuration list for PBXNativeTarget "For Makers Only" */ = {
			isa = XCConfigurationList;
			buildConfigurations = (
				680434B62B2401C400BFFBC5 /* Debug */,
				680434B72B2401C400BFFBC5 /* Release */,
			);
			defaultConfigurationIsVisible = 0;
			defaultConfigurationName = Release;
		};
		680434B82B2401C400BFFBC5 /* Build configuration list for PBXNativeTarget "For Makers OnlyTests" */ = {
			isa = XCConfigurationList;
			buildConfigurations = (
				680434B92B2401C400BFFBC5 /* Debug */,
				680434BA2B2401C400BFFBC5 /* Release */,
			);
			defaultConfigurationIsVisible = 0;
			defaultConfigurationName = Release;
		};
		680434BB2B2401C400BFFBC5 /* Build configuration list for PBXNativeTarget "For Makers OnlyUITests" */ = {
			isa = XCConfigurationList;
			buildConfigurations = (
				680434BC2B2401C400BFFBC5 /* Debug */,
				680434BD2B2401C400BFFBC5 /* Release */,
			);
			defaultConfigurationIsVisible = 0;
			defaultConfigurationName = Release;
		};
/* End XCConfigurationList section */
	};
	rootObject = 680434892B2401C100BFFBC5 /* Project object */;
}
